
Microsoft Visual Studio Solution File, Format Version 12.00
# Visual Studio 14
VisualStudioVersion = 14.0.23107.0
MinimumVisualStudioVersion = 10.0.40219.1
Project("{FAE04EC0-301F-11D3-BF4B-00C04F79EFBC}") = "Calculator", "Calculator\Calculator.csproj", "{84775486-8275-499D-A3E4-629184DC722E}"
EndProject
Project("{FAE04EC0-301F-11D3-BF4B-00C04F79EFBC}") = "Calculator.Test.Unit", "Calculator.Test.Unit\Calculator.Test.Unit.csproj", "{30697581-8C77-4165-BFBA-A6C309CF83E2}"
EndProject
Global
	GlobalSection(SolutionConfigurationPlatforms) = preSolution
		Debug|Any CPU = Debug|Any CPU
		Release|Any CPU = Release|Any CPU
	EndGlobalSection
	GlobalSection(ProjectConfigurationPlatforms) = postSolution
		{84775486-8275-499D-A3E4-629184DC722E}.Debug|Any CPU.ActiveCfg = Debug|Any CPU
		{84775486-8275-499D-A3E4-629184DC722E}.Debug|Any CPU.Build.0 = Debug|Any CPU
		{84775486-8275-499D-A3E4-629184DC722E}.Release|Any CPU.ActiveCfg = Release|Any CPU
		{84775486-8275-499D-A3E4-629184DC722E}.Release|Any CPU.Build.0 = Release|Any CPU
		{30697581-8C77-4165-BFBA-A6C309CF83E2}.Debug|Any CPU.ActiveCfg = Debug|Any CPU
		{30697581-8C77-4165-BFBA-A6C309CF83E2}.Debug|Any CPU.Build.0 = Debug|Any CPU
		{30697581-8C77-4165-BFBA-A6C309CF83E2}.Release|Any CPU.ActiveCfg = Release|Any CPU
		{30697581-8C77-4165-BFBA-A6C309CF83E2}.Release|Any CPU.Build.0 = Release|Any CPU
	EndGlobalSection
	GlobalSection(SolutionProperties) = preSolution
		HideSolutionNode = FALSE
	EndGlobalSection
EndGlobal
